{"is_source_file": false, "format": "", "description": "", "external_files": [], "external_methods": [], "published": [], "classes": [], "methods": [], "calls": [], "search-terms": [], "state": 2, "file_id": 1, "knowledge_revision": 24, "git_revision": "9348d031df71c10faf81c56b000d697df882b2f4", "hash": "9c4ed7ef73e22b872b8055bec08b8979", "format-version": 4, "code-base-name": "default", "filename": "petcare_scheduler/post_process_status.lock", "revision_history": [{"24": "9348d031df71c10faf81c56b000d697df882b2f4"}]}