{"is_source_file": false, "format": "", "description": "", "external_files": [], "external_methods": [], "published": [], "classes": [], "methods": [], "calls": [], "search-terms": [], "state": 2, "file_id": 26, "knowledge_revision": 73, "git_revision": "5e5e9ca222b5344a29a3aee6938c7b48dd0c2de9", "hash": "e9b4c3b42cef0193b7fddb548d37e652", "format-version": 4, "code-base-name": "default", "filename": "petcare_scheduler/post_process_status.lock", "revision_history": [{"73": "5e5e9ca222b5344a29a3aee6938c7b48dd0c2de9"}]}